
Microsoft Visual Studio Solution File, Format Version 12.00
# Visual Studio Express 2013 for Web
VisualStudioVersion = 12.0.30723.0
MinimumVisualStudioVersion = 10.0.40219.1
Project("{FAE04EC0-301F-11D3-BF4B-00C04F79EFBC}") = "ExcelImporter2", "ExcelImporter2\ExcelImporter2.csproj", "{0BBA35A4-3B1A-437A-878A-AEB6A478B741}"
EndProject
Project("{FAE04EC0-301F-11D3-BF4B-00C04F79EFBC}") = "ExcelImporter2.Tests", "ExcelImporter2.Tests\ExcelImporter2.Tests.csproj", "{294214A5-629F-4AB8-8F9E-C32270E1F3D4}"
EndProject
Global
	GlobalSection(SolutionConfigurationPlatforms) = preSolution
		Debug|Any CPU = Debug|Any CPU
		Release|Any CPU = Release|Any CPU
	EndGlobalSection
	GlobalSection(ProjectConfigurationPlatforms) = postSolution
		{0BBA35A4-3B1A-437A-878A-AEB6A478B741}.Debug|Any CPU.ActiveCfg = Debug|Any CPU
		{0BBA35A4-3B1A-437A-878A-AEB6A478B741}.Debug|Any CPU.Build.0 = Debug|Any CPU
		{0BBA35A4-3B1A-437A-878A-AEB6A478B741}.Release|Any CPU.ActiveCfg = Release|Any CPU
		{0BBA35A4-3B1A-437A-878A-AEB6A478B741}.Release|Any CPU.Build.0 = Release|Any CPU
		{294214A5-629F-4AB8-8F9E-C32270E1F3D4}.Debug|Any CPU.ActiveCfg = Debug|Any CPU
		{294214A5-629F-4AB8-8F9E-C32270E1F3D4}.Debug|Any CPU.Build.0 = Debug|Any CPU
		{294214A5-629F-4AB8-8F9E-C32270E1F3D4}.Release|Any CPU.ActiveCfg = Release|Any CPU
		{294214A5-629F-4AB8-8F9E-C32270E1F3D4}.Release|Any CPU.Build.0 = Release|Any CPU
	EndGlobalSection
	GlobalSection(SolutionProperties) = preSolution
		HideSolutionNode = FALSE
	EndGlobalSection
EndGlobal
